
Microsoft Visual Studio Solution File, Format Version 12.00
# Visual Studio 2013
VisualStudioVersion = 12.0.21005.1
MinimumVisualStudioVersion = 10.0.40219.1
Project("{FAE04EC0-301F-11D3-BF4B-00C04F79EFBC}") = "FJW.Repository", "FJW.Repository\FJW.Repository.csproj", "{2304A74B-5915-4F06-99B8-DD74120501BB}"
EndProject
Project("{FAE04EC0-301F-11D3-BF4B-00C04F79EFBC}") = "FJW.Expression2Sql", "FJW.Expression2Sql\FJW.Expression2Sql.csproj", "{336FE0B1-859E-4DA4-B278-9727B3BB2365}"
EndProject
Project("{FAE04EC0-301F-11D3-BF4B-00C04F79EFBC}") = "FJW.Repository.Expression2Sql", "FJW.Repository.Expression2Sql\FJW.Repository.Expression2Sql.csproj", "{53A1979D-A568-4BB2-A865-9CFEE784DFF7}"
EndProject
Project("{2150E333-8FDC-42A3-9474-1A3956D46DE8}") = "01 FJW.Framework", "01 FJW.Framework", "{97C2E881-7FA1-405B-9994-CC873849EE0E}"
EndProject
Project("{2150E333-8FDC-42A3-9474-1A3956D46DE8}") = "02 FJW.Repository", "02 FJW.Repository", "{550D056D-D547-4965-AC35-D9B5A037ACE3}"
EndProject
Project("{FAE04EC0-301F-11D3-BF4B-00C04F79EFBC}") = "FJW.CommonLib", "FJW.CommonLib\FJW.CommonLib.csproj", "{0BC5487B-F6F5-4BBC-BC59-C2622E4EAA14}"
EndProject
Project("{FAE04EC0-301F-11D3-BF4B-00C04F79EFBC}") = "FJW.Notice", "FJW.Notice\FJW.Notice.csproj", "{65E9F382-FDDF-4E0C-B432-82C58738979F}"
EndProject
Project("{FAE04EC0-301F-11D3-BF4B-00C04F79EFBC}") = "FJW.Notice.ActiveMQ", "FJW.Notice.ActiveMQ\FJW.Notice.ActiveMQ.csproj", "{637D0322-7486-476C-8E35-89F739474FF1}"
EndProject
Project("{FAE04EC0-301F-11D3-BF4B-00C04F79EFBC}") = "Test.Repository.ConsoleApp", "Test.Repository.ConsoleApp\Test.Repository.ConsoleApp.csproj", "{3D9A7B2A-BE5B-4F81-BF4A-E6A9EE3CD4C1}"
EndProject
Project("{2150E333-8FDC-42A3-9474-1A3956D46DE8}") = "03 FJW.SmsService", "03 FJW.SmsService", "{79299350-6A65-4D2D-B15E-BFD61101FAF4}"
EndProject
Project("{FAE04EC0-301F-11D3-BF4B-00C04F79EFBC}") = "FJW.SmsServiceDto", "FJW.SmsServiceDto\FJW.SmsServiceDto.csproj", "{D0A8516D-41E0-4BD4-9807-0C1429720FF8}"
EndProject
Project("{FAE04EC0-301F-11D3-BF4B-00C04F79EFBC}") = "FJW.SmsService", "FJW.SmsService\FJW.SmsService.csproj", "{CBF99BB5-A4FD-43EC-9737-0A64D35B2A0F}"
EndProject
Global
	GlobalSection(SolutionConfigurationPlatforms) = preSolution
		Debug|Any CPU = Debug|Any CPU
		Release|Any CPU = Release|Any CPU
	EndGlobalSection
	GlobalSection(ProjectConfigurationPlatforms) = postSolution
		{2304A74B-5915-4F06-99B8-DD74120501BB}.Debug|Any CPU.ActiveCfg = Debug|Any CPU
		{2304A74B-5915-4F06-99B8-DD74120501BB}.Debug|Any CPU.Build.0 = Debug|Any CPU
		{2304A74B-5915-4F06-99B8-DD74120501BB}.Release|Any CPU.ActiveCfg = Release|Any CPU
		{2304A74B-5915-4F06-99B8-DD74120501BB}.Release|Any CPU.Build.0 = Release|Any CPU
		{336FE0B1-859E-4DA4-B278-9727B3BB2365}.Debug|Any CPU.ActiveCfg = Debug|Any CPU
		{336FE0B1-859E-4DA4-B278-9727B3BB2365}.Debug|Any CPU.Build.0 = Debug|Any CPU
		{336FE0B1-859E-4DA4-B278-9727B3BB2365}.Release|Any CPU.ActiveCfg = Release|Any CPU
		{336FE0B1-859E-4DA4-B278-9727B3BB2365}.Release|Any CPU.Build.0 = Release|Any CPU
		{53A1979D-A568-4BB2-A865-9CFEE784DFF7}.Debug|Any CPU.ActiveCfg = Debug|Any CPU
		{53A1979D-A568-4BB2-A865-9CFEE784DFF7}.Debug|Any CPU.Build.0 = Debug|Any CPU
		{53A1979D-A568-4BB2-A865-9CFEE784DFF7}.Release|Any CPU.ActiveCfg = Release|Any CPU
		{53A1979D-A568-4BB2-A865-9CFEE784DFF7}.Release|Any CPU.Build.0 = Release|Any CPU
		{0BC5487B-F6F5-4BBC-BC59-C2622E4EAA14}.Debug|Any CPU.ActiveCfg = Debug|Any CPU
		{0BC5487B-F6F5-4BBC-BC59-C2622E4EAA14}.Debug|Any CPU.Build.0 = Debug|Any CPU
		{0BC5487B-F6F5-4BBC-BC59-C2622E4EAA14}.Release|Any CPU.ActiveCfg = Release|Any CPU
		{0BC5487B-F6F5-4BBC-BC59-C2622E4EAA14}.Release|Any CPU.Build.0 = Release|Any CPU
		{65E9F382-FDDF-4E0C-B432-82C58738979F}.Debug|Any CPU.ActiveCfg = Debug|Any CPU
		{65E9F382-FDDF-4E0C-B432-82C58738979F}.Debug|Any CPU.Build.0 = Debug|Any CPU
		{65E9F382-FDDF-4E0C-B432-82C58738979F}.Release|Any CPU.ActiveCfg = Release|Any CPU
		{65E9F382-FDDF-4E0C-B432-82C58738979F}.Release|Any CPU.Build.0 = Release|Any CPU
		{637D0322-7486-476C-8E35-89F739474FF1}.Debug|Any CPU.ActiveCfg = Debug|Any CPU
		{637D0322-7486-476C-8E35-89F739474FF1}.Debug|Any CPU.Build.0 = Debug|Any CPU
		{637D0322-7486-476C-8E35-89F739474FF1}.Release|Any CPU.ActiveCfg = Release|Any CPU
		{637D0322-7486-476C-8E35-89F739474FF1}.Release|Any CPU.Build.0 = Release|Any CPU
		{3D9A7B2A-BE5B-4F81-BF4A-E6A9EE3CD4C1}.Debug|Any CPU.ActiveCfg = Debug|Any CPU
		{3D9A7B2A-BE5B-4F81-BF4A-E6A9EE3CD4C1}.Debug|Any CPU.Build.0 = Debug|Any CPU
		{3D9A7B2A-BE5B-4F81-BF4A-E6A9EE3CD4C1}.Release|Any CPU.ActiveCfg = Release|Any CPU
		{3D9A7B2A-BE5B-4F81-BF4A-E6A9EE3CD4C1}.Release|Any CPU.Build.0 = Release|Any CPU
		{D0A8516D-41E0-4BD4-9807-0C1429720FF8}.Debug|Any CPU.ActiveCfg = Debug|Any CPU
		{D0A8516D-41E0-4BD4-9807-0C1429720FF8}.Debug|Any CPU.Build.0 = Debug|Any CPU
		{D0A8516D-41E0-4BD4-9807-0C1429720FF8}.Release|Any CPU.ActiveCfg = Release|Any CPU
		{D0A8516D-41E0-4BD4-9807-0C1429720FF8}.Release|Any CPU.Build.0 = Release|Any CPU
		{CBF99BB5-A4FD-43EC-9737-0A64D35B2A0F}.Debug|Any CPU.ActiveCfg = Debug|Any CPU
		{CBF99BB5-A4FD-43EC-9737-0A64D35B2A0F}.Debug|Any CPU.Build.0 = Debug|Any CPU
		{CBF99BB5-A4FD-43EC-9737-0A64D35B2A0F}.Release|Any CPU.ActiveCfg = Release|Any CPU
		{CBF99BB5-A4FD-43EC-9737-0A64D35B2A0F}.Release|Any CPU.Build.0 = Release|Any CPU
	EndGlobalSection
	GlobalSection(SolutionProperties) = preSolution
		HideSolutionNode = FALSE
	EndGlobalSection
	GlobalSection(NestedProjects) = preSolution
		{336FE0B1-859E-4DA4-B278-9727B3BB2365} = {550D056D-D547-4965-AC35-D9B5A037ACE3}
		{53A1979D-A568-4BB2-A865-9CFEE784DFF7} = {550D056D-D547-4965-AC35-D9B5A037ACE3}
		{2304A74B-5915-4F06-99B8-DD74120501BB} = {550D056D-D547-4965-AC35-D9B5A037ACE3}
		{3D9A7B2A-BE5B-4F81-BF4A-E6A9EE3CD4C1} = {550D056D-D547-4965-AC35-D9B5A037ACE3}
		{0BC5487B-F6F5-4BBC-BC59-C2622E4EAA14} = {97C2E881-7FA1-405B-9994-CC873849EE0E}
		{65E9F382-FDDF-4E0C-B432-82C58738979F} = {97C2E881-7FA1-405B-9994-CC873849EE0E}
		{637D0322-7486-476C-8E35-89F739474FF1} = {97C2E881-7FA1-405B-9994-CC873849EE0E}
		{D0A8516D-41E0-4BD4-9807-0C1429720FF8} = {79299350-6A65-4D2D-B15E-BFD61101FAF4}
		{CBF99BB5-A4FD-43EC-9737-0A64D35B2A0F} = {79299350-6A65-4D2D-B15E-BFD61101FAF4}
	EndGlobalSection
EndGlobal
